
Microsoft Visual Studio Solution File, Format Version 12.00
# Visual Studio Version 17
VisualStudioVersion = 17.9.34622.214
MinimumVisualStudioVersion = 10.0.40219.1
Project("{FAE04EC0-301F-11D3-BF4B-00C04F79EFBC}") = "DePoolseNationaleVlag", "DePoolseNationaleVlag\DePoolseNationaleVlag.csproj", "{9C182B82-8653-41DE-A495-AFB9B251CB18}"
EndProject
Global
	GlobalSection(SolutionConfigurationPlatforms) = preSolution
		Debug|Any CPU = Debug|Any CPU
		Release|Any CPU = Release|Any CPU
	EndGlobalSection
	GlobalSection(ProjectConfigurationPlatforms) = postSolution
		{9C182B82-8653-41DE-A495-AFB9B251CB18}.Debug|Any CPU.ActiveCfg = Debug|Any CPU
		{9C182B82-8653-41DE-A495-AFB9B251CB18}.Debug|Any CPU.Build.0 = Debug|Any CPU
		{9C182B82-8653-41DE-A495-AFB9B251CB18}.Release|Any CPU.ActiveCfg = Release|Any CPU
		{9C182B82-8653-41DE-A495-AFB9B251CB18}.Release|Any CPU.Build.0 = Release|Any CPU
	EndGlobalSection
	GlobalSection(SolutionProperties) = preSolution
		HideSolutionNode = FALSE
	EndGlobalSection
	GlobalSection(ExtensibilityGlobals) = postSolution
		SolutionGuid = {C71F0DF3-C42F-4E35-83C3-4E6792388AD2}
	EndGlobalSection
EndGlobal
